
Microsoft Visual Studio Solution File, Format Version 12.00
# Visual Studio Version 16
VisualStudioVersion = 16.0.30523.141
MinimumVisualStudioVersion = 10.0.40219.1
Project("{FAE04EC0-301F-11D3-BF4B-00C04F79EFBC}") = "cs-ml", "cs-ml.csproj", "{DAC030B4-1305-4C06-A9DE-83C94BE681D6}"
EndProject
Global
	GlobalSection(SolutionConfigurationPlatforms) = preSolution
		Debug|Any CPU = Debug|Any CPU
		Release|Any CPU = Release|Any CPU
	EndGlobalSection
	GlobalSection(ProjectConfigurationPlatforms) = postSolution
		{DAC030B4-1305-4C06-A9DE-83C94BE681D6}.Debug|Any CPU.ActiveCfg = Debug|Any CPU
		{DAC030B4-1305-4C06-A9DE-83C94BE681D6}.Debug|Any CPU.Build.0 = Debug|Any CPU
		{DAC030B4-1305-4C06-A9DE-83C94BE681D6}.Release|Any CPU.ActiveCfg = Release|Any CPU
		{DAC030B4-1305-4C06-A9DE-83C94BE681D6}.Release|Any CPU.Build.0 = Release|Any CPU
	EndGlobalSection
	GlobalSection(SolutionProperties) = preSolution
		HideSolutionNode = FALSE
	EndGlobalSection
	GlobalSection(ExtensibilityGlobals) = postSolution
		SolutionGuid = {B55AF7CB-F887-4322-9332-5D12674132D8}
	EndGlobalSection
EndGlobal
